
Microsoft Visual Studio Solution File, Format Version 12.00
# Visual Studio Version 17
VisualStudioVersion = 17.11.35303.130
MinimumVisualStudioVersion = 10.0.40219.1
Project("{FAE04EC0-301F-11D3-BF4B-00C04F79EFBC}") = "Day3.Arrays", "Day 3\Day3.Arrays\Day3.Arrays.csproj", "{3FA5859A-E46F-4C9D-BC7E-B31AB1625CCD}"
EndProject
Project("{FAE04EC0-301F-11D3-BF4B-00C04F79EFBC}") = "Day3-1.StringAndNullableArray", "Day3-1.StringAndNullableArray\Day3-1.StringAndNullableArray.csproj", "{7AB5B261-76B5-426E-BAAB-229D4E673C3A}"
EndProject
Project("{FAE04EC0-301F-11D3-BF4B-00C04F79EFBC}") = "Day3-2.ArrayResizing", "Day3-2.ArrayResizing\Day3-2.ArrayResizing.csproj", "{BBF321CD-03C6-4B46-9A3B-A451CEEAAC21}"
EndProject
Project("{FAE04EC0-301F-11D3-BF4B-00C04F79EFBC}") = "Day3-3.SwitchCase", "Day3-3.SwitchCase\Day3-3.SwitchCase.csproj", "{3AEEBF42-100A-4631-A211-3932AF33CBDE}"
EndProject
Project("{FAE04EC0-301F-11D3-BF4B-00C04F79EFBC}") = "Day3-4.StringFunctions", "Day3-4.StringFunctions\Day3-4.StringFunctions.csproj", "{A0B30C5B-D194-4943-BECC-FCBC8B9D39DC}"
EndProject
Global
	GlobalSection(SolutionConfigurationPlatforms) = preSolution
		Debug|Any CPU = Debug|Any CPU
		Release|Any CPU = Release|Any CPU
	EndGlobalSection
	GlobalSection(ProjectConfigurationPlatforms) = postSolution
		{3FA5859A-E46F-4C9D-BC7E-B31AB1625CCD}.Debug|Any CPU.ActiveCfg = Debug|Any CPU
		{3FA5859A-E46F-4C9D-BC7E-B31AB1625CCD}.Debug|Any CPU.Build.0 = Debug|Any CPU
		{3FA5859A-E46F-4C9D-BC7E-B31AB1625CCD}.Release|Any CPU.ActiveCfg = Release|Any CPU
		{3FA5859A-E46F-4C9D-BC7E-B31AB1625CCD}.Release|Any CPU.Build.0 = Release|Any CPU
		{7AB5B261-76B5-426E-BAAB-229D4E673C3A}.Debug|Any CPU.ActiveCfg = Debug|Any CPU
		{7AB5B261-76B5-426E-BAAB-229D4E673C3A}.Debug|Any CPU.Build.0 = Debug|Any CPU
		{7AB5B261-76B5-426E-BAAB-229D4E673C3A}.Release|Any CPU.ActiveCfg = Release|Any CPU
		{7AB5B261-76B5-426E-BAAB-229D4E673C3A}.Release|Any CPU.Build.0 = Release|Any CPU
		{BBF321CD-03C6-4B46-9A3B-A451CEEAAC21}.Debug|Any CPU.ActiveCfg = Debug|Any CPU
		{BBF321CD-03C6-4B46-9A3B-A451CEEAAC21}.Debug|Any CPU.Build.0 = Debug|Any CPU
		{BBF321CD-03C6-4B46-9A3B-A451CEEAAC21}.Release|Any CPU.ActiveCfg = Release|Any CPU
		{BBF321CD-03C6-4B46-9A3B-A451CEEAAC21}.Release|Any CPU.Build.0 = Release|Any CPU
		{3AEEBF42-100A-4631-A211-3932AF33CBDE}.Debug|Any CPU.ActiveCfg = Debug|Any CPU
		{3AEEBF42-100A-4631-A211-3932AF33CBDE}.Debug|Any CPU.Build.0 = Debug|Any CPU
		{3AEEBF42-100A-4631-A211-3932AF33CBDE}.Release|Any CPU.ActiveCfg = Release|Any CPU
		{3AEEBF42-100A-4631-A211-3932AF33CBDE}.Release|Any CPU.Build.0 = Release|Any CPU
		{A0B30C5B-D194-4943-BECC-FCBC8B9D39DC}.Debug|Any CPU.ActiveCfg = Debug|Any CPU
		{A0B30C5B-D194-4943-BECC-FCBC8B9D39DC}.Debug|Any CPU.Build.0 = Debug|Any CPU
		{A0B30C5B-D194-4943-BECC-FCBC8B9D39DC}.Release|Any CPU.ActiveCfg = Release|Any CPU
		{A0B30C5B-D194-4943-BECC-FCBC8B9D39DC}.Release|Any CPU.Build.0 = Release|Any CPU
	EndGlobalSection
	GlobalSection(SolutionProperties) = preSolution
		HideSolutionNode = FALSE
	EndGlobalSection
	GlobalSection(ExtensibilityGlobals) = postSolution
		SolutionGuid = {D78C6ED4-F7D5-47FC-8D38-EB1BBD279E3B}
	EndGlobalSection
EndGlobal
